
Microsoft Visual Studio Solution File, Format Version 12.00
# Visual Studio Version 16
VisualStudioVersion = 16.0.30523.141
MinimumVisualStudioVersion = 10.0.40219.1
Project("{9A19103F-16F7-4668-BE54-9A1E7A4F7556}") = "StoreProject", "StoreProject\StoreProject.csproj", "{3F83B651-C37D-4C95-91B9-8E9BC4B90BFF}"
EndProject
Project("{FAE04EC0-301F-11D3-BF4B-00C04F79EFBC}") = "StoreProject.Tests", "StoreProject.Tests\StoreProject.Tests.csproj", "{D2B7BD0F-59B0-4E57-946D-A9A0995CCA33}"
EndProject
Global
	GlobalSection(SolutionConfigurationPlatforms) = preSolution
		Debug|Any CPU = Debug|Any CPU
		Release|Any CPU = Release|Any CPU
	EndGlobalSection
	GlobalSection(ProjectConfigurationPlatforms) = postSolution
		{3F83B651-C37D-4C95-91B9-8E9BC4B90BFF}.Debug|Any CPU.ActiveCfg = Debug|Any CPU
		{3F83B651-C37D-4C95-91B9-8E9BC4B90BFF}.Debug|Any CPU.Build.0 = Debug|Any CPU
		{3F83B651-C37D-4C95-91B9-8E9BC4B90BFF}.Release|Any CPU.ActiveCfg = Release|Any CPU
		{3F83B651-C37D-4C95-91B9-8E9BC4B90BFF}.Release|Any CPU.Build.0 = Release|Any CPU
		{D2B7BD0F-59B0-4E57-946D-A9A0995CCA33}.Debug|Any CPU.ActiveCfg = Debug|Any CPU
		{D2B7BD0F-59B0-4E57-946D-A9A0995CCA33}.Debug|Any CPU.Build.0 = Debug|Any CPU
		{D2B7BD0F-59B0-4E57-946D-A9A0995CCA33}.Release|Any CPU.ActiveCfg = Release|Any CPU
		{D2B7BD0F-59B0-4E57-946D-A9A0995CCA33}.Release|Any CPU.Build.0 = Release|Any CPU
	EndGlobalSection
	GlobalSection(SolutionProperties) = preSolution
		HideSolutionNode = FALSE
	EndGlobalSection
	GlobalSection(ExtensibilityGlobals) = postSolution
		SolutionGuid = {1047C49C-0EDB-468C-8674-9F1C7E700DDE}
	EndGlobalSection
EndGlobal
