
Microsoft Visual Studio Solution File, Format Version 12.00
# Visual Studio Version 16
VisualStudioVersion = 16.0.30523.141
MinimumVisualStudioVersion = 10.0.40219.1
Project("{9A19103F-16F7-4668-BE54-9A1E7A4F7556}") = "1", "1.csproj", "{010E8FD4-B72A-40E2-8EAE-5CDB3B90318F}"
EndProject
Global
	GlobalSection(SolutionConfigurationPlatforms) = preSolution
		Debug|Any CPU = Debug|Any CPU
		Release|Any CPU = Release|Any CPU
	EndGlobalSection
	GlobalSection(ProjectConfigurationPlatforms) = postSolution
		{010E8FD4-B72A-40E2-8EAE-5CDB3B90318F}.Debug|Any CPU.ActiveCfg = Debug|Any CPU
		{010E8FD4-B72A-40E2-8EAE-5CDB3B90318F}.Debug|Any CPU.Build.0 = Debug|Any CPU
		{010E8FD4-B72A-40E2-8EAE-5CDB3B90318F}.Release|Any CPU.ActiveCfg = Release|Any CPU
		{010E8FD4-B72A-40E2-8EAE-5CDB3B90318F}.Release|Any CPU.Build.0 = Release|Any CPU
	EndGlobalSection
	GlobalSection(SolutionProperties) = preSolution
		HideSolutionNode = FALSE
	EndGlobalSection
	GlobalSection(ExtensibilityGlobals) = postSolution
		SolutionGuid = {2154E08A-0456-440F-A508-CD7969F4FCFE}
	EndGlobalSection
EndGlobal
